// !$*UTF8*$!
{
	archiveVersion = 1;
	classes = {
	};
	objectVersion = 55;
	objects = {

/* Begin PBXBuildFile section */
		2C17158C28C227D600736E72 /* DanilTransferDataController.swift in Sources */ = {isa = PBXBuildFile; fileRef = 2C17158B28C227D600736E72 /* DanilTransferDataController.swift */; };
		2C17158E28C228F500736E72 /* DanilCustomView.swift in Sources */ = {isa = PBXBuildFile; fileRef = 2C17158D28C228F500736E72 /* DanilCustomView.swift */; };
		2C17159028C23FC200736E72 /* Notification + ext.swift in Sources */ = {isa = PBXBuildFile; fileRef = 2C17158F28C23FC200736E72 /* Notification + ext.swift */; };
		2C1CA0EA28C0FB8C0025F7FA /* UIViewController + ext.swift in Sources */ = {isa = PBXBuildFile; fileRef = 2C1CA0E928C0FB8C0025F7FA /* UIViewController + ext.swift */; };
		2C31771928BE0D6F00127E36 /* DanilDetailsController.swift in Sources */ = {isa = PBXBuildFile; fileRef = 2C31771828BE0D6F00127E36 /* DanilDetailsController.swift */; };
		2C348A0A28BD67E8006B7003 /* DanilTransitionDemoController.swift in Sources */ = {isa = PBXBuildFile; fileRef = 2C348A0928BD67E8006B7003 /* DanilTransitionDemoController.swift */; };
		2C348A0C28BE05F5006B7003 /* UIButton + ext.swift in Sources */ = {isa = PBXBuildFile; fileRef = 2C348A0B28BE05F5006B7003 /* UIButton + ext.swift */; };
		2C7CFC9F28BB86F300DF3D32 /* Constants.swift in Sources */ = {isa = PBXBuildFile; fileRef = 2C7CFC9E28BB86F300DF3D32 /* Constants.swift */; };
		2CE0E9C128BA81DC00987E1B /* UIView + ext.swift in Sources */ = {isa = PBXBuildFile; fileRef = 2CE0E9C028BA81DC00987E1B /* UIView + ext.swift */; };
		2CEACB9328B9086600E264BC /* DanilInCodeLayoutController.swift in Sources */ = {isa = PBXBuildFile; fileRef = 2CEACB9228B9086600E264BC /* DanilInCodeLayoutController.swift */; };
		77A6181828B0F50A00D6DDD0 /* AppDelegate.swift in Sources */ = {isa = PBXBuildFile; fileRef = 77A6181728B0F50A00D6DDD0 /* AppDelegate.swift */; };
		77A6181A28B0F50A00D6DDD0 /* SceneDelegate.swift in Sources */ = {isa = PBXBuildFile; fileRef = 77A6181928B0F50A00D6DDD0 /* SceneDelegate.swift */; };
		77A6182128B0F50C00D6DDD0 /* Assets.xcassets in Resources */ = {isa = PBXBuildFile; fileRef = 77A6182028B0F50C00D6DDD0 /* Assets.xcassets */; };
		77A6182428B0F50C00D6DDD0 /* LaunchScreen.storyboard in Resources */ = {isa = PBXBuildFile; fileRef = 77A6182228B0F50C00D6DDD0 /* LaunchScreen.storyboard */; };
		77A6182C28B0F5A500D6DDD0 /* TabBarController.swift in Sources */ = {isa = PBXBuildFile; fileRef = 77A6182B28B0F5A500D6DDD0 /* TabBarController.swift */; };
		77A6183B28B0FD5E00D6DDD0 /* ValeryTabViewController.swift in Sources */ = {isa = PBXBuildFile; fileRef = 77A6183A28B0FD5E00D6DDD0 /* ValeryTabViewController.swift */; };
		77A6183D28B0FD7700D6DDD0 /* DmitryTabViewController.swift in Sources */ = {isa = PBXBuildFile; fileRef = 77A6183C28B0FD7700D6DDD0 /* DmitryTabViewController.swift */; };
		77A6183F28B0FD8F00D6DDD0 /* EvgenyTabViewController.swift in Sources */ = {isa = PBXBuildFile; fileRef = 77A6183E28B0FD8F00D6DDD0 /* EvgenyTabViewController.swift */; };
		77A6184228B0FDC900D6DDD0 /* DanilTabViewController.swift in Sources */ = {isa = PBXBuildFile; fileRef = 77A6184128B0FDC900D6DDD0 /* DanilTabViewController.swift */; };
		77A6184428B0FDDB00D6DDD0 /* AntonTabViewController.swift in Sources */ = {isa = PBXBuildFile; fileRef = 77A6184328B0FDDB00D6DDD0 /* AntonTabViewController.swift */; };
		77A6184628B0FE0200D6DDD0 /* ValeryTabStoryboard.storyboard in Resources */ = {isa = PBXBuildFile; fileRef = 77A6184528B0FE0200D6DDD0 /* ValeryTabStoryboard.storyboard */; };
		77A6184828B0FE1200D6DDD0 /* DmitryTabStoryboard.storyboard in Resources */ = {isa = PBXBuildFile; fileRef = 77A6184728B0FE1200D6DDD0 /* DmitryTabStoryboard.storyboard */; };
		77A6184A28B0FE2600D6DDD0 /* EvgenyTabStoryboard.storyboard in Resources */ = {isa = PBXBuildFile; fileRef = 77A6184928B0FE2600D6DDD0 /* EvgenyTabStoryboard.storyboard */; };
		77A6184C28B0FE3B00D6DDD0 /* DanilTabStoryboard.storyboard in Resources */ = {isa = PBXBuildFile; fileRef = 77A6184B28B0FE3B00D6DDD0 /* DanilTabStoryboard.storyboard */; };
		77A6184E28B0FE8F00D6DDD0 /* AntonTabStoryboard.storyboard in Resources */ = {isa = PBXBuildFile; fileRef = 77A6184D28B0FE8F00D6DDD0 /* AntonTabStoryboard.storyboard */; };
		77F0525728BDF56E00839EF6 /* inCodeLayoutViewController.swift in Sources */ = {isa = PBXBuildFile; fileRef = 77F0525628BDF56E00839EF6 /* inCodeLayoutViewController.swift */; };
		8FC07C21AE115C96ECD549B4 /* libPods-Module_2 Groupe_1.a in Frameworks */ = {isa = PBXBuildFile; fileRef = C48C3051BD870DE835616C9F /* libPods-Module_2 Groupe_1.a */; };
/* End PBXBuildFile section */

/* Begin PBXFileReference section */
		2C17158B28C227D600736E72 /* DanilTransferDataController.swift */ = {isa = PBXFileReference; lastKnownFileType = sourcecode.swift; path = DanilTransferDataController.swift; sourceTree = "<group>"; };
		2C17158D28C228F500736E72 /* DanilCustomView.swift */ = {isa = PBXFileReference; lastKnownFileType = sourcecode.swift; path = DanilCustomView.swift; sourceTree = "<group>"; };
		2C17158F28C23FC200736E72 /* Notification + ext.swift */ = {isa = PBXFileReference; lastKnownFileType = sourcecode.swift; path = "Notification + ext.swift"; sourceTree = "<group>"; };
		2C1CA0E928C0FB8C0025F7FA /* UIViewController + ext.swift */ = {isa = PBXFileReference; lastKnownFileType = sourcecode.swift; path = "UIViewController + ext.swift"; sourceTree = "<group>"; };
		2C31771828BE0D6F00127E36 /* DanilDetailsController.swift */ = {isa = PBXFileReference; lastKnownFileType = sourcecode.swift; path = DanilDetailsController.swift; sourceTree = "<group>"; };
		2C348A0928BD67E8006B7003 /* DanilTransitionDemoController.swift */ = {isa = PBXFileReference; lastKnownFileType = sourcecode.swift; path = DanilTransitionDemoController.swift; sourceTree = "<group>"; };
		2C348A0B28BE05F5006B7003 /* UIButton + ext.swift */ = {isa = PBXFileReference; lastKnownFileType = sourcecode.swift; path = "UIButton + ext.swift"; sourceTree = "<group>"; };
		2C7CFC9E28BB86F300DF3D32 /* Constants.swift */ = {isa = PBXFileReference; lastKnownFileType = sourcecode.swift; path = Constants.swift; sourceTree = "<group>"; };
		2CE0E9C028BA81DC00987E1B /* UIView + ext.swift */ = {isa = PBXFileReference; lastKnownFileType = sourcecode.swift; path = "UIView + ext.swift"; sourceTree = "<group>"; };
		2CEACB9228B9086600E264BC /* DanilInCodeLayoutController.swift */ = {isa = PBXFileReference; lastKnownFileType = sourcecode.swift; path = DanilInCodeLayoutController.swift; sourceTree = "<group>"; };
		4B3FF6811A55F857AFF679AD /* Pods-Module_2 Groupe_1.debug.xcconfig */ = {isa = PBXFileReference; includeInIndex = 1; lastKnownFileType = text.xcconfig; name = "Pods-Module_2 Groupe_1.debug.xcconfig"; path = "Target Support Files/Pods-Module_2 Groupe_1/Pods-Module_2 Groupe_1.debug.xcconfig"; sourceTree = "<group>"; };
		6BCC435BFA83489FC6F1309D /* Pods-Module_2 Groupe_1.release.xcconfig */ = {isa = PBXFileReference; includeInIndex = 1; lastKnownFileType = text.xcconfig; name = "Pods-Module_2 Groupe_1.release.xcconfig"; path = "Target Support Files/Pods-Module_2 Groupe_1/Pods-Module_2 Groupe_1.release.xcconfig"; sourceTree = "<group>"; };
		77A6181428B0F50A00D6DDD0 /* Module_2 Groupe_1.app */ = {isa = PBXFileReference; explicitFileType = wrapper.application; includeInIndex = 0; path = "Module_2 Groupe_1.app"; sourceTree = BUILT_PRODUCTS_DIR; };
		77A6181728B0F50A00D6DDD0 /* AppDelegate.swift */ = {isa = PBXFileReference; lastKnownFileType = sourcecode.swift; path = AppDelegate.swift; sourceTree = "<group>"; };
		77A6181928B0F50A00D6DDD0 /* SceneDelegate.swift */ = {isa = PBXFileReference; lastKnownFileType = sourcecode.swift; path = SceneDelegate.swift; sourceTree = "<group>"; };
		77A6182028B0F50C00D6DDD0 /* Assets.xcassets */ = {isa = PBXFileReference; lastKnownFileType = folder.assetcatalog; path = Assets.xcassets; sourceTree = "<group>"; };
		77A6182328B0F50C00D6DDD0 /* Base */ = {isa = PBXFileReference; lastKnownFileType = file.storyboard; name = Base; path = Base.lproj/LaunchScreen.storyboard; sourceTree = "<group>"; };
		77A6182528B0F50C00D6DDD0 /* Info.plist */ = {isa = PBXFileReference; lastKnownFileType = text.plist.xml; path = Info.plist; sourceTree = "<group>"; };
		77A6182B28B0F5A500D6DDD0 /* TabBarController.swift */ = {isa = PBXFileReference; lastKnownFileType = sourcecode.swift; path = TabBarController.swift; sourceTree = "<group>"; };
		77A6183A28B0FD5E00D6DDD0 /* ValeryTabViewController.swift */ = {isa = PBXFileReference; lastKnownFileType = sourcecode.swift; path = ValeryTabViewController.swift; sourceTree = "<group>"; };
		77A6183C28B0FD7700D6DDD0 /* DmitryTabViewController.swift */ = {isa = PBXFileReference; lastKnownFileType = sourcecode.swift; path = DmitryTabViewController.swift; sourceTree = "<group>"; };
		77A6183E28B0FD8F00D6DDD0 /* EvgenyTabViewController.swift */ = {isa = PBXFileReference; lastKnownFileType = sourcecode.swift; path = EvgenyTabViewController.swift; sourceTree = "<group>"; };
		77A6184128B0FDC900D6DDD0 /* DanilTabViewController.swift */ = {isa = PBXFileReference; lastKnownFileType = sourcecode.swift; path = DanilTabViewController.swift; sourceTree = "<group>"; };
		77A6184328B0FDDB00D6DDD0 /* AntonTabViewController.swift */ = {isa = PBXFileReference; lastKnownFileType = sourcecode.swift; path = AntonTabViewController.swift; sourceTree = "<group>"; };
		77A6184528B0FE0200D6DDD0 /* ValeryTabStoryboard.storyboard */ = {isa = PBXFileReference; lastKnownFileType = file.storyboard; path = ValeryTabStoryboard.storyboard; sourceTree = "<group>"; };
		77A6184728B0FE1200D6DDD0 /* DmitryTabStoryboard.storyboard */ = {isa = PBXFileReference; lastKnownFileType = file.storyboard; path = DmitryTabStoryboard.storyboard; sourceTree = "<group>"; };
		77A6184928B0FE2600D6DDD0 /* EvgenyTabStoryboard.storyboard */ = {isa = PBXFileReference; lastKnownFileType = file.storyboard; path = EvgenyTabStoryboard.storyboard; sourceTree = "<group>"; };
		77A6184B28B0FE3B00D6DDD0 /* DanilTabStoryboard.storyboard */ = {isa = PBXFileReference; lastKnownFileType = file.storyboard; path = DanilTabStoryboard.storyboard; sourceTree = "<group>"; };
		77A6184D28B0FE8F00D6DDD0 /* AntonTabStoryboard.storyboard */ = {isa = PBXFileReference; lastKnownFileType = file.storyboard; path = AntonTabStoryboard.storyboard; sourceTree = "<group>"; };
		77F0525628BDF56E00839EF6 /* inCodeLayoutViewController.swift */ = {isa = PBXFileReference; fileEncoding = 4; lastKnownFileType = sourcecode.swift; path = inCodeLayoutViewController.swift; sourceTree = "<group>"; };
		C48C3051BD870DE835616C9F /* libPods-Module_2 Groupe_1.a */ = {isa = PBXFileReference; explicitFileType = archive.ar; includeInIndex = 0; path = "libPods-Module_2 Groupe_1.a"; sourceTree = BUILT_PRODUCTS_DIR; };
/* End PBXFileReference section */

/* Begin PBXFrameworksBuildPhase section */
		77A6181128B0F50A00D6DDD0 /* Frameworks */ = {
			isa = PBXFrameworksBuildPhase;
			buildActionMask = 2147483647;
			files = (
				8FC07C21AE115C96ECD549B4 /* libPods-Module_2 Groupe_1.a in Frameworks */,
			);
			runOnlyForDeploymentPostprocessing = 0;
		};
/* End PBXFrameworksBuildPhase section */

/* Begin PBXGroup section */
		2C7CFC9D28BB86D300DF3D32 /* PersonalHelpers */ = {
			isa = PBXGroup;
			children = (
				2C7CFC9E28BB86F300DF3D32 /* Constants.swift */,
				2C1CA0E928C0FB8C0025F7FA /* UIViewController + ext.swift */,
				2C17158F28C23FC200736E72 /* Notification + ext.swift */,
			);
			path = PersonalHelpers;
			sourceTree = "<group>";
		};
		2CE0E9BF28BA81C200987E1B /* Helpers */ = {
			isa = PBXGroup;
			children = (
				2CE0E9C028BA81DC00987E1B /* UIView + ext.swift */,
				2C348A0B28BE05F5006B7003 /* UIButton + ext.swift */,
			);
			path = Helpers;
			sourceTree = "<group>";
		};
		76C937E23AA6804C1C07258B /* Frameworks */ = {
			isa = PBXGroup;
			children = (
				C48C3051BD870DE835616C9F /* libPods-Module_2 Groupe_1.a */,
			);
			name = Frameworks;
			sourceTree = "<group>";
		};
		77A6180B28B0F50A00D6DDD0 = {
			isa = PBXGroup;
			children = (
				77A6181628B0F50A00D6DDD0 /* Module_2 Groupe_1 */,
				77A6181528B0F50A00D6DDD0 /* Products */,
				BB33AAC93F5B15E5C9FB5875 /* Pods */,
				76C937E23AA6804C1C07258B /* Frameworks */,
			);
			sourceTree = "<group>";
		};
		77A6181528B0F50A00D6DDD0 /* Products */ = {
			isa = PBXGroup;
			children = (
				77A6181428B0F50A00D6DDD0 /* Module_2 Groupe_1.app */,
			);
			name = Products;
			sourceTree = "<group>";
		};
		77A6181628B0F50A00D6DDD0 /* Module_2 Groupe_1 */ = {
			isa = PBXGroup;
			children = (
				2CE0E9BF28BA81C200987E1B /* Helpers */,
				77A6182D28B0F6FA00D6DDD0 /* Application */,
				77A6183928B0FD2500D6DDD0 /* Sistem */,
				77A6183428B0FCE100D6DDD0 /* Valery */,
				77A6183528B0FCEE00D6DDD0 /* Dmitry */,
				77A6183628B0FCFC00D6DDD0 /* Evgeny */,
				77A6183728B0FD0C00D6DDD0 /* Danil */,
				77A6183828B0FD1900D6DDD0 /* Anton */,
				77A6182F28B0F8DC00D6DDD0 /* SupportingFiles */,
			);
			path = "Module_2 Groupe_1";
			sourceTree = "<group>";
		};
		77A6182D28B0F6FA00D6DDD0 /* Application */ = {
			isa = PBXGroup;
			children = (
				77A6181728B0F50A00D6DDD0 /* AppDelegate.swift */,
				77A6181928B0F50A00D6DDD0 /* SceneDelegate.swift */,
			);
			path = Application;
			sourceTree = "<group>";
		};
		77A6182F28B0F8DC00D6DDD0 /* SupportingFiles */ = {
			isa = PBXGroup;
			children = (
				77A6182028B0F50C00D6DDD0 /* Assets.xcassets */,
				77A6182228B0F50C00D6DDD0 /* LaunchScreen.storyboard */,
				77A6182528B0F50C00D6DDD0 /* Info.plist */,
			);
			path = SupportingFiles;
			sourceTree = "<group>";
		};
		77A6183428B0FCE100D6DDD0 /* Valery */ = {
			isa = PBXGroup;
			children = (
				77A6184F28B0FF4E00D6DDD0 /* TabController */,
			);
			path = Valery;
			sourceTree = "<group>";
		};
		77A6183528B0FCEE00D6DDD0 /* Dmitry */ = {
			isa = PBXGroup;
			children = (
				77A6185028B0FF5D00D6DDD0 /* TabController */,
			);
			path = Dmitry;
			sourceTree = "<group>";
		};
		77A6183628B0FCFC00D6DDD0 /* Evgeny */ = {
			isa = PBXGroup;
			children = (
				77A6185128B0FF6600D6DDD0 /* TabController */,
			);
			path = Evgeny;
			sourceTree = "<group>";
		};
		77A6183728B0FD0C00D6DDD0 /* Danil */ = {
			isa = PBXGroup;
			children = (
				2C7CFC9D28BB86D300DF3D32 /* PersonalHelpers */,
				77A6185228B0FF7100D6DDD0 /* TabController */,
			);
			path = Danil;
			sourceTree = "<group>";
		};
		77A6183828B0FD1900D6DDD0 /* Anton */ = {
			isa = PBXGroup;
			children = (
				77A6185328B0FF7B00D6DDD0 /* TabController */,
			);
			path = Anton;
			sourceTree = "<group>";
		};
		77A6183928B0FD2500D6DDD0 /* Sistem */ = {
			isa = PBXGroup;
			children = (
				77A6182B28B0F5A500D6DDD0 /* TabBarController.swift */,
			);
			path = Sistem;
			sourceTree = "<group>";
		};
		77A6184F28B0FF4E00D6DDD0 /* TabController */ = {
			isa = PBXGroup;
			children = (
				77A6183A28B0FD5E00D6DDD0 /* ValeryTabViewController.swift */,
				77A6184528B0FE0200D6DDD0 /* ValeryTabStoryboard.storyboard */,
			);
			path = TabController;
			sourceTree = "<group>";
		};
		77A6185028B0FF5D00D6DDD0 /* TabController */ = {
			isa = PBXGroup;
			children = (
				77A6183C28B0FD7700D6DDD0 /* DmitryTabViewController.swift */,
				77A6184728B0FE1200D6DDD0 /* DmitryTabStoryboard.storyboard */,
			);
			path = TabController;
			sourceTree = "<group>";
		};
		77A6185128B0FF6600D6DDD0 /* TabController */ = {
			isa = PBXGroup;
			children = (
				77F0525628BDF56E00839EF6 /* inCodeLayoutViewController.swift */,
				77A6183E28B0FD8F00D6DDD0 /* EvgenyTabViewController.swift */,
				77A6184928B0FE2600D6DDD0 /* EvgenyTabStoryboard.storyboard */,
			);
			path = TabController;
			sourceTree = "<group>";
		};
		77A6185228B0FF7100D6DDD0 /* TabController */ = {
			isa = PBXGroup;
			children = (
				77A6184128B0FDC900D6DDD0 /* DanilTabViewController.swift */,
				77A6184B28B0FE3B00D6DDD0 /* DanilTabStoryboard.storyboard */,
				2CEACB9228B9086600E264BC /* DanilInCodeLayoutController.swift */,
				2C348A0928BD67E8006B7003 /* DanilTransitionDemoController.swift */,
				2C31771828BE0D6F00127E36 /* DanilDetailsController.swift */,
				2C17158B28C227D600736E72 /* DanilTransferDataController.swift */,
				2C17158D28C228F500736E72 /* DanilCustomView.swift */,
			);
			path = TabController;
			sourceTree = "<group>";
		};
		77A6185328B0FF7B00D6DDD0 /* TabController */ = {
			isa = PBXGroup;
			children = (
				77A6184328B0FDDB00D6DDD0 /* AntonTabViewController.swift */,
				77A6184D28B0FE8F00D6DDD0 /* AntonTabStoryboard.storyboard */,
			);
			path = TabController;
			sourceTree = "<group>";
		};
		BB33AAC93F5B15E5C9FB5875 /* Pods */ = {
			isa = PBXGroup;
			children = (
				4B3FF6811A55F857AFF679AD /* Pods-Module_2 Groupe_1.debug.xcconfig */,
				6BCC435BFA83489FC6F1309D /* Pods-Module_2 Groupe_1.release.xcconfig */,
			);
			path = Pods;
			sourceTree = "<group>";
		};
/* End PBXGroup section */

/* Begin PBXNativeTarget section */
		77A6181328B0F50A00D6DDD0 /* Module_2 Groupe_1 */ = {
			isa = PBXNativeTarget;
			buildConfigurationList = 77A6182828B0F50C00D6DDD0 /* Build configuration list for PBXNativeTarget "Module_2 Groupe_1" */;
			buildPhases = (
				E7408AD6425D78CC3C97C577 /* [CP] Check Pods Manifest.lock */,
				77A6181028B0F50A00D6DDD0 /* Sources */,
				77A6181128B0F50A00D6DDD0 /* Frameworks */,
				77A6181228B0F50A00D6DDD0 /* Resources */,
			);
			buildRules = (
			);
			dependencies = (
			);
			name = "Module_2 Groupe_1";
			productName = "Module_2 Groupe_1";
			productReference = 77A6181428B0F50A00D6DDD0 /* Module_2 Groupe_1.app */;
			productType = "com.apple.product-type.application";
		};
/* End PBXNativeTarget section */

/* Begin PBXProject section */
		77A6180C28B0F50A00D6DDD0 /* Project object */ = {
			isa = PBXProject;
			attributes = {
				BuildIndependentTargetsInParallel = 1;
				LastSwiftUpdateCheck = 1340;
				LastUpgradeCheck = 1340;
				TargetAttributes = {
					77A6181328B0F50A00D6DDD0 = {
						CreatedOnToolsVersion = 13.4.1;
					};
				};
			};
			buildConfigurationList = 77A6180F28B0F50A00D6DDD0 /* Build configuration list for PBXProject "Module_2 Groupe_1" */;
			compatibilityVersion = "Xcode 13.0";
			developmentRegion = en;
			hasScannedForEncodings = 0;
			knownRegions = (
				en,
				Base,
			);
			mainGroup = 77A6180B28B0F50A00D6DDD0;
			productRefGroup = 77A6181528B0F50A00D6DDD0 /* Products */;
			projectDirPath = "";
			projectRoot = "";
			targets = (
				77A6181328B0F50A00D6DDD0 /* Module_2 Groupe_1 */,
			);
		};
/* End PBXProject section */

/* Begin PBXResourcesBuildPhase section */
		77A6181228B0F50A00D6DDD0 /* Resources */ = {
			isa = PBXResourcesBuildPhase;
			buildActionMask = 2147483647;
			files = (
				77A6182428B0F50C00D6DDD0 /* LaunchScreen.storyboard in Resources */,
				77A6184628B0FE0200D6DDD0 /* ValeryTabStoryboard.storyboard in Resources */,
				77A6184C28B0FE3B00D6DDD0 /* DanilTabStoryboard.storyboard in Resources */,
				77A6182128B0F50C00D6DDD0 /* Assets.xcassets in Resources */,
				77A6184E28B0FE8F00D6DDD0 /* AntonTabStoryboard.storyboard in Resources */,
				77A6184A28B0FE2600D6DDD0 /* EvgenyTabStoryboard.storyboard in Resources */,
				77A6184828B0FE1200D6DDD0 /* DmitryTabStoryboard.storyboard in Resources */,
			);
			runOnlyForDeploymentPostprocessing = 0;
		};
/* End PBXResourcesBuildPhase section */

/* Begin PBXShellScriptBuildPhase section */
		E7408AD6425D78CC3C97C577 /* [CP] Check Pods Manifest.lock */ = {
			isa = PBXShellScriptBuildPhase;
			buildActionMask = 2147483647;
			files = (
			);
			inputFileListPaths = (
			);
			inputPaths = (
				"${PODS_PODFILE_DIR_PATH}/Podfile.lock",
				"${PODS_ROOT}/Manifest.lock",
			);
			name = "[CP] Check Pods Manifest.lock";
			outputFileListPaths = (
			);
			outputPaths = (
				"$(DERIVED_FILE_DIR)/Pods-Module_2 Groupe_1-checkManifestLockResult.txt",
			);
			runOnlyForDeploymentPostprocessing = 0;
			shellPath = /bin/sh;
			shellScript = "diff \"${PODS_PODFILE_DIR_PATH}/Podfile.lock\" \"${PODS_ROOT}/Manifest.lock\" > /dev/null\nif [ $? != 0 ] ; then\n    # print error to STDERR\n    echo \"error: The sandbox is not in sync with the Podfile.lock. Run 'pod install' or update your CocoaPods installation.\" >&2\n    exit 1\nfi\n# This output is used by Xcode 'outputs' to avoid re-running this script phase.\necho \"SUCCESS\" > \"${SCRIPT_OUTPUT_FILE_0}\"\n";
			showEnvVarsInLog = 0;
		};
/* End PBXShellScriptBuildPhase section */

/* Begin PBXSourcesBuildPhase section */
		77A6181028B0F50A00D6DDD0 /* Sources */ = {
			isa = PBXSourcesBuildPhase;
			buildActionMask = 2147483647;
			files = (
				2C1CA0EA28C0FB8C0025F7FA /* UIViewController + ext.swift in Sources */,
				2C17159028C23FC200736E72 /* Notification + ext.swift in Sources */,
				2C31771928BE0D6F00127E36 /* DanilDetailsController.swift in Sources */,
				77A6183B28B0FD5E00D6DDD0 /* ValeryTabViewController.swift in Sources */,
				77A6183F28B0FD8F00D6DDD0 /* EvgenyTabViewController.swift in Sources */,
				2C7CFC9F28BB86F300DF3D32 /* Constants.swift in Sources */,
				77A6182C28B0F5A500D6DDD0 /* TabBarController.swift in Sources */,
				2CEACB9328B9086600E264BC /* DanilInCodeLayoutController.swift in Sources */,
				2C17158C28C227D600736E72 /* DanilTransferDataController.swift in Sources */,
				2C348A0A28BD67E8006B7003 /* DanilTransitionDemoController.swift in Sources */,
				2CE0E9C128BA81DC00987E1B /* UIView + ext.swift in Sources */,
				77A6181828B0F50A00D6DDD0 /* AppDelegate.swift in Sources */,
				77A6184228B0FDC900D6DDD0 /* DanilTabViewController.swift in Sources */,
				77F0525728BDF56E00839EF6 /* inCodeLayoutViewController.swift in Sources */,
				77A6181A28B0F50A00D6DDD0 /* SceneDelegate.swift in Sources */,
				2C348A0C28BE05F5006B7003 /* UIButton + ext.swift in Sources */,
				77A6183D28B0FD7700D6DDD0 /* DmitryTabViewController.swift in Sources */,
				2C17158E28C228F500736E72 /* DanilCustomView.swift in Sources */,
				77A6184428B0FDDB00D6DDD0 /* AntonTabViewController.swift in Sources */,
			);
			runOnlyForDeploymentPostprocessing = 0;
		};
/* End PBXSourcesBuildPhase section */

/* Begin PBXVariantGroup section */
		77A6182228B0F50C00D6DDD0 /* LaunchScreen.storyboard */ = {
			isa = PBXVariantGroup;
			children = (
				77A6182328B0F50C00D6DDD0 /* Base */,
			);
			name = LaunchScreen.storyboard;
			sourceTree = "<group>";
		};
/* End PBXVariantGroup section */

/* Begin XCBuildConfiguration section */
		77A6182628B0F50C00D6DDD0 /* Debug */ = {
			isa = XCBuildConfiguration;
			buildSettings = {
				ALWAYS_SEARCH_USER_PATHS = NO;
				CLANG_ANALYZER_NONNULL = YES;
				CLANG_ANALYZER_NUMBER_OBJECT_CONVERSION = YES_AGGRESSIVE;
				CLANG_CXX_LANGUAGE_STANDARD = "gnu++17";
				CLANG_ENABLE_MODULES = YES;
				CLANG_ENABLE_OBJC_ARC = YES;
				CLANG_ENABLE_OBJC_WEAK = YES;
				CLANG_WARN_BLOCK_CAPTURE_AUTORELEASING = YES;
				CLANG_WARN_BOOL_CONVERSION = YES;
				CLANG_WARN_COMMA = YES;
				CLANG_WARN_CONSTANT_CONVERSION = YES;
				CLANG_WARN_DEPRECATED_OBJC_IMPLEMENTATIONS = YES;
				CLANG_WARN_DIRECT_OBJC_ISA_USAGE = YES_ERROR;
				CLANG_WARN_DOCUMENTATION_COMMENTS = YES;
				CLANG_WARN_EMPTY_BODY = YES;
				CLANG_WARN_ENUM_CONVERSION = YES;
				CLANG_WARN_INFINITE_RECURSION = YES;
				CLANG_WARN_INT_CONVERSION = YES;
				CLANG_WARN_NON_LITERAL_NULL_CONVERSION = YES;
				CLANG_WARN_OBJC_IMPLICIT_RETAIN_SELF = YES;
				CLANG_WARN_OBJC_LITERAL_CONVERSION = YES;
				CLANG_WARN_OBJC_ROOT_CLASS = YES_ERROR;
				CLANG_WARN_QUOTED_INCLUDE_IN_FRAMEWORK_HEADER = YES;
				CLANG_WARN_RANGE_LOOP_ANALYSIS = YES;
				CLANG_WARN_STRICT_PROTOTYPES = YES;
				CLANG_WARN_SUSPICIOUS_MOVE = YES;
				CLANG_WARN_UNGUARDED_AVAILABILITY = YES_AGGRESSIVE;
				CLANG_WARN_UNREACHABLE_CODE = YES;
				CLANG_WARN__DUPLICATE_METHOD_MATCH = YES;
				COPY_PHASE_STRIP = NO;
				DEBUG_INFORMATION_FORMAT = dwarf;
				ENABLE_STRICT_OBJC_MSGSEND = YES;
				ENABLE_TESTABILITY = YES;
				GCC_C_LANGUAGE_STANDARD = gnu11;
				GCC_DYNAMIC_NO_PIC = NO;
				GCC_NO_COMMON_BLOCKS = YES;
				GCC_OPTIMIZATION_LEVEL = 0;
				GCC_PREPROCESSOR_DEFINITIONS = (
					"DEBUG=1",
					"$(inherited)",
				);
				GCC_WARN_64_TO_32_BIT_CONVERSION = YES;
				GCC_WARN_ABOUT_RETURN_TYPE = YES_ERROR;
				GCC_WARN_UNDECLARED_SELECTOR = YES;
				GCC_WARN_UNINITIALIZED_AUTOS = YES_AGGRESSIVE;
				GCC_WARN_UNUSED_FUNCTION = YES;
				GCC_WARN_UNUSED_VARIABLE = YES;
				IPHONEOS_DEPLOYMENT_TARGET = 15.5;
				MTL_ENABLE_DEBUG_INFO = INCLUDE_SOURCE;
				MTL_FAST_MATH = YES;
				ONLY_ACTIVE_ARCH = YES;
				SDKROOT = iphoneos;
				SWIFT_ACTIVE_COMPILATION_CONDITIONS = DEBUG;
				SWIFT_OPTIMIZATION_LEVEL = "-Onone";
			};
			name = Debug;
		};
		77A6182728B0F50C00D6DDD0 /* Release */ = {
			isa = XCBuildConfiguration;
			buildSettings = {
				ALWAYS_SEARCH_USER_PATHS = NO;
				CLANG_ANALYZER_NONNULL = YES;
				CLANG_ANALYZER_NUMBER_OBJECT_CONVERSION = YES_AGGRESSIVE;
				CLANG_CXX_LANGUAGE_STANDARD = "gnu++17";
				CLANG_ENABLE_MODULES = YES;
				CLANG_ENABLE_OBJC_ARC = YES;
				CLANG_ENABLE_OBJC_WEAK = YES;
				CLANG_WARN_BLOCK_CAPTURE_AUTORELEASING = YES;
				CLANG_WARN_BOOL_CONVERSION = YES;
				CLANG_WARN_COMMA = YES;
				CLANG_WARN_CONSTANT_CONVERSION = YES;
				CLANG_WARN_DEPRECATED_OBJC_IMPLEMENTATIONS = YES;
				CLANG_WARN_DIRECT_OBJC_ISA_USAGE = YES_ERROR;
				CLANG_WARN_DOCUMENTATION_COMMENTS = YES;
				CLANG_WARN_EMPTY_BODY = YES;
				CLANG_WARN_ENUM_CONVERSION = YES;
				CLANG_WARN_INFINITE_RECURSION = YES;
				CLANG_WARN_INT_CONVERSION = YES;
				CLANG_WARN_NON_LITERAL_NULL_CONVERSION = YES;
				CLANG_WARN_OBJC_IMPLICIT_RETAIN_SELF = YES;
				CLANG_WARN_OBJC_LITERAL_CONVERSION = YES;
				CLANG_WARN_OBJC_ROOT_CLASS = YES_ERROR;
				CLANG_WARN_QUOTED_INCLUDE_IN_FRAMEWORK_HEADER = YES;
				CLANG_WARN_RANGE_LOOP_ANALYSIS = YES;
				CLANG_WARN_STRICT_PROTOTYPES = YES;
				CLANG_WARN_SUSPICIOUS_MOVE = YES;
				CLANG_WARN_UNGUARDED_AVAILABILITY = YES_AGGRESSIVE;
				CLANG_WARN_UNREACHABLE_CODE = YES;
				CLANG_WARN__DUPLICATE_METHOD_MATCH = YES;
				COPY_PHASE_STRIP = NO;
				DEBUG_INFORMATION_FORMAT = "dwarf-with-dsym";
				ENABLE_NS_ASSERTIONS = NO;
				ENABLE_STRICT_OBJC_MSGSEND = YES;
				GCC_C_LANGUAGE_STANDARD = gnu11;
				GCC_NO_COMMON_BLOCKS = YES;
				GCC_WARN_64_TO_32_BIT_CONVERSION = YES;
				GCC_WARN_ABOUT_RETURN_TYPE = YES_ERROR;
				GCC_WARN_UNDECLARED_SELECTOR = YES;
				GCC_WARN_UNINITIALIZED_AUTOS = YES_AGGRESSIVE;
				GCC_WARN_UNUSED_FUNCTION = YES;
				GCC_WARN_UNUSED_VARIABLE = YES;
				IPHONEOS_DEPLOYMENT_TARGET = 15.5;
				MTL_ENABLE_DEBUG_INFO = NO;
				MTL_FAST_MATH = YES;
				SDKROOT = iphoneos;
				SWIFT_COMPILATION_MODE = wholemodule;
				SWIFT_OPTIMIZATION_LEVEL = "-O";
				VALIDATE_PRODUCT = YES;
			};
			name = Release;
		};
		77A6182928B0F50C00D6DDD0 /* Debug */ = {
			isa = XCBuildConfiguration;
			baseConfigurationReference = 4B3FF6811A55F857AFF679AD /* Pods-Module_2 Groupe_1.debug.xcconfig */;
			buildSettings = {
				ASSETCATALOG_COMPILER_APPICON_NAME = AppIcon;
				ASSETCATALOG_COMPILER_GLOBAL_ACCENT_COLOR_NAME = AccentColor;
				CODE_SIGN_STYLE = Automatic;
				CURRENT_PROJECT_VERSION = 1;
				DEVELOPMENT_TEAM = 6PDU8D65F2;
				GENERATE_INFOPLIST_FILE = YES;
				INFOPLIST_FILE = "Module_2 Groupe_1/SupportingFiles/Info.plist";
				INFOPLIST_KEY_UIApplicationSupportsIndirectInputEvents = YES;
				INFOPLIST_KEY_UILaunchStoryboardName = LaunchScreen;
				INFOPLIST_KEY_UISupportedInterfaceOrientations_iPad = "UIInterfaceOrientationPortrait UIInterfaceOrientationPortraitUpsideDown UIInterfaceOrientationLandscapeLeft UIInterfaceOrientationLandscapeRight";
				INFOPLIST_KEY_UISupportedInterfaceOrientations_iPhone = "UIInterfaceOrientationPortrait UIInterfaceOrientationLandscapeLeft UIInterfaceOrientationLandscapeRight";
				LD_RUNPATH_SEARCH_PATHS = (
					"$(inherited)",
					"@executable_path/Frameworks",
				);
				MARKETING_VERSION = 1.0;
				PRODUCT_BUNDLE_IDENTIFIER = "VP-P.Module-2-Groupe-1";
				PRODUCT_NAME = "$(TARGET_NAME)";
				SWIFT_EMIT_LOC_STRINGS = YES;
				SWIFT_VERSION = 5.0;
				TARGETED_DEVICE_FAMILY = "1,2";
			};
			name = Debug;
		};
		77A6182A28B0F50C00D6DDD0 /* Release */ = {
			isa = XCBuildConfiguration;
			baseConfigurationReference = 6BCC435BFA83489FC6F1309D /* Pods-Module_2 Groupe_1.release.xcconfig */;
			buildSettings = {
				ASSETCATALOG_COMPILER_APPICON_NAME = AppIcon;
				ASSETCATALOG_COMPILER_GLOBAL_ACCENT_COLOR_NAME = AccentColor;
				CODE_SIGN_STYLE = Automatic;
				CURRENT_PROJECT_VERSION = 1;
				DEVELOPMENT_TEAM = 6PDU8D65F2;
				GENERATE_INFOPLIST_FILE = YES;
				INFOPLIST_FILE = "Module_2 Groupe_1/SupportingFiles/Info.plist";
				INFOPLIST_KEY_UIApplicationSupportsIndirectInputEvents = YES;
				INFOPLIST_KEY_UILaunchStoryboardName = LaunchScreen;
				INFOPLIST_KEY_UISupportedInterfaceOrientations_iPad = "UIInterfaceOrientationPortrait UIInterfaceOrientationPortraitUpsideDown UIInterfaceOrientationLandscapeLeft UIInterfaceOrientationLandscapeRight";
				INFOPLIST_KEY_UISupportedInterfaceOrientations_iPhone = "UIInterfaceOrientationPortrait UIInterfaceOrientationLandscapeLeft UIInterfaceOrientationLandscapeRight";
				LD_RUNPATH_SEARCH_PATHS = (
					"$(inherited)",
					"@executable_path/Frameworks",
				);
				MARKETING_VERSION = 1.0;
				PRODUCT_BUNDLE_IDENTIFIER = "VP-P.Module-2-Groupe-1";
				PRODUCT_NAME = "$(TARGET_NAME)";
				SWIFT_EMIT_LOC_STRINGS = YES;
				SWIFT_VERSION = 5.0;
				TARGETED_DEVICE_FAMILY = "1,2";
			};
			name = Release;
		};
/* End XCBuildConfiguration section */

/* Begin XCConfigurationList section */
		77A6180F28B0F50A00D6DDD0 /* Build configuration list for PBXProject "Module_2 Groupe_1" */ = {
			isa = XCConfigurationList;
			buildConfigurations = (
				77A6182628B0F50C00D6DDD0 /* Debug */,
				77A6182728B0F50C00D6DDD0 /* Release */,
			);
			defaultConfigurationIsVisible = 0;
			defaultConfigurationName = Release;
		};
		77A6182828B0F50C00D6DDD0 /* Build configuration list for PBXNativeTarget "Module_2 Groupe_1" */ = {
			isa = XCConfigurationList;
			buildConfigurations = (
				77A6182928B0F50C00D6DDD0 /* Debug */,
				77A6182A28B0F50C00D6DDD0 /* Release */,
			);
			defaultConfigurationIsVisible = 0;
			defaultConfigurationName = Release;
		};
/* End XCConfigurationList section */
	};
	rootObject = 77A6180C28B0F50A00D6DDD0 /* Project object */;
}
